{
    "_readme": [
        "This file locks the dependencies of your project to a known state",
        "Read more about it at https://getcomposer.org/doc/01-basic-usage.md#installing-dependencies",
        "This file is @generated automatically"
    ],
    "content-hash": "bf624179be9a83b23d855a0ed8c427bc",
    "packages": [
        {
            "name": "clue/socket-raw",
            "version": "v1.6.0",
            "source": {
                "type": "git",
                "url": "https://github.com/clue/socket-raw.git",
                "reference": "91e9f619f6769f931454a9882c21ffd7623d06cb"
            },
            "dist": {
                "type": "zip",
                "url": "https://api.github.com/repos/clue/socket-raw/zipball/91e9f619f6769f931454a9882c21ffd7623d06cb",
                "reference": "91e9f619f6769f931454a9882c21ffd7623d06cb",
                "shasum": ""
            },
            "require": {
                "ext-sockets": "*",
                "php": ">=5.3"
            },
            "require-dev": {
                "phpunit/phpunit": "^9.3 || ^5.7 || ^4.8.35"
            },
            "type": "library",
            "autoload": {
                "psr-4": {
                    "Socket\\Raw\\": "src"
                }
            },
            "notification-url": "https://packagist.org/downloads/",
            "license": [
                "MIT"
            ],
            "authors": [
                {
                    "name": "Christian Lück",
                    "email": "christian@clue.engineering"
                }
            ],
            "description": "Simple and lightweight OOP wrapper for PHP's low-level sockets extension (ext-sockets).",
            "homepage": "https://github.com/clue/socket-raw",
            "keywords": [
                "Socket",
                "client",
                "datagram",
                "dgram",
                "icmp",
                "ipv6",
                "server",
                "stream",
                "tcp",
                "udg",
                "udp",
                "unix"
            ],
            "support": {
                "issues": "https://github.com/clue/socket-raw/issues",
                "source": "https://github.com/clue/socket-raw/tree/v1.6.0"
            },
            "funding": [
                {
                    "url": "https://clue.engineering/support",
                    "type": "custom"
                },
                {
                    "url": "https://github.com/clue",
                    "type": "github"
                }
            ],
            "time": "2022-04-14T14:58:06+00:00"
        },
        {
            "name": "graze/telnet-client",
            "version": "v2.3.0",
            "source": {
                "type": "git",
                "url": "https://github.com/graze/telnet-client.git",
                "reference": "543f5f0f2108c4020320e5da38c7f03d7a6e9a5b"
            },
            "dist": {
                "type": "zip",
                "url": "https://api.github.com/repos/graze/telnet-client/zipball/543f5f0f2108c4020320e5da38c7f03d7a6e9a5b",
                "reference": "543f5f0f2108c4020320e5da38c7f03d7a6e9a5b",
                "shasum": ""
            },
            "require": {
                "clue/socket-raw": "^1.3",
                "php": ">5.5.0"
            },
            "require-dev": {
                "graze/standards": "^2.0",
                "mockery/mockery": "^0.9.4",
                "phpunit/phpunit": "^5.0",
                "squizlabs/php_codesniffer": "^3.5.0",
                "symfony/var-dumper": "^3.0"
            },
            "type": "library",
            "autoload": {
                "psr-4": {
                    "Graze\\TelnetClient\\": "src/"
                }
            },
            "notification-url": "https://packagist.org/downloads/",
            "license": [
                "MIT"
            ],
            "authors": [
                {
                    "name": "John Smith",
                    "email": "john@graze.com",
                    "role": "Developer"
                },
                {
                    "name": "Graze Developers",
                    "email": "developers@graze.com",
                    "homepage": "http://www.graze.com",
                    "role": "Development Team"
                },
                {
                    "name": "Bestnetwork",
                    "email": "reparto.sviluppo@bestnetwork.it"
                },
                {
                    "name": "Dalibor Andzakovic",
                    "email": "dali@swerve.co.nz"
                },
                {
                    "name": "Marc Ennaji"
                },
                {
                    "name": "Matthias Blaser",
                    "email": "mb@adfinis.ch"
                },
                {
                    "name": "Christian Hammers",
                    "email": "chammers@netcologne.de"
                }
            ],
            "description": "Telnet client written in PHP",
            "homepage": "https://github.com/graze/telnet-client",
            "keywords": [
                "client",
                "graze",
                "php",
                "telnet",
                "telnet-client"
            ],
            "support": {
                "issues": "https://github.com/graze/telnet-client/issues",
                "source": "https://github.com/graze/telnet-client/tree/v2.3.0"
            },
            "time": "2020-12-11T10:09:48+00:00"
        },
        {
            "name": "meklis/console-client",
            "version": "0.0.3",
            "source": {
                "type": "git",
                "url": "https://github.com/meklis/console-client.git",
                "reference": "4678698601fac81f88a4395130615d7cee53ca6f"
            },
            "dist": {
                "type": "zip",
                "url": "https://api.github.com/repos/meklis/console-client/zipball/4678698601fac81f88a4395130615d7cee53ca6f",
                "reference": "4678698601fac81f88a4395130615d7cee53ca6f",
                "shasum": ""
            },
            "require": {
                "ext-mbstring": "*",
                "ext-sockets": "*",
                "ext-ssh2": "*",
                "php": ">=7.2.0"
            },
            "type": "library",
            "autoload": {
                "psr-4": {
                    "Meklis\\Network\\Console\\": "src/"
                }
            },
            "notification-url": "https://packagist.org/downloads/",
            "license": [
                "MIT"
            ],
            "authors": [
                {
                    "name": "Max Boyar",
                    "email": "max.boyar.a@gmail.com"
                }
            ],
            "description": "SSH/Telnet client",
            "support": {
                "issues": "https://github.com/meklis/console-client/issues",
                "source": "https://github.com/meklis/console-client/tree/0.0.3"
            },
            "time": "2022-05-26T18:51:25+00:00"
        },
        {
            "name": "symfony/polyfill-mbstring",
            "version": "v1.27.0",
            "source": {
                "type": "git",
                "url": "https://github.com/symfony/polyfill-mbstring.git",
                "reference": "8ad114f6b39e2c98a8b0e3bd907732c207c2b534"
            },
            "dist": {
                "type": "zip",
                "url": "https://api.github.com/repos/symfony/polyfill-mbstring/zipball/8ad114f6b39e2c98a8b0e3bd907732c207c2b534",
                "reference": "8ad114f6b39e2c98a8b0e3bd907732c207c2b534",
                "shasum": ""
            },
            "require": {
                "php": ">=7.1"
            },
            "provide": {
                "ext-mbstring": "*"
            },
            "suggest": {
                "ext-mbstring": "For best performance"
            },
            "type": "library",
            "extra": {
                "branch-alias": {
                    "dev-main": "1.27-dev"
                },
                "thanks": {
                    "name": "symfony/polyfill",
                    "url": "https://github.com/symfony/polyfill"
                }
            },
            "autoload": {
                "files": [
                    "bootstrap.php"
                ],
                "psr-4": {
                    "Symfony\\Polyfill\\Mbstring\\": ""
                }
            },
            "notification-url": "https://packagist.org/downloads/",
            "license": [
                "MIT"
            ],
            "authors": [
                {
                    "name": "Nicolas Grekas",
                    "email": "p@tchwork.com"
                },
                {
                    "name": "Symfony Community",
                    "homepage": "https://symfony.com/contributors"
                }
            ],
            "description": "Symfony polyfill for the Mbstring extension",
            "homepage": "https://symfony.com",
            "keywords": [
                "compatibility",
                "mbstring",
                "polyfill",
                "portable",
                "shim"
            ],
            "support": {
                "source": "https://github.com/symfony/polyfill-mbstring/tree/v1.27.0"
            },
            "funding": [
                {
                    "url": "https://symfony.com/sponsor",
                    "type": "custom"
                },
                {
                    "url": "https://github.com/fabpot",
                    "type": "github"
                },
                {
                    "url": "https://tidelift.com/funding/github/packagist/symfony/symfony",
                    "type": "tidelift"
                }
            ],
            "time": "2022-11-03T14:55:06+00:00"
        },
        {
            "name": "symfony/polyfill-php80",
            "version": "v1.27.0",
            "source": {
                "type": "git",
                "url": "https://github.com/symfony/polyfill-php80.git",
                "reference": "7a6ff3f1959bb01aefccb463a0f2cd3d3d2fd936"
            },
            "dist": {
                "type": "zip",
                "url": "https://api.github.com/repos/symfony/polyfill-php80/zipball/7a6ff3f1959bb01aefccb463a0f2cd3d3d2fd936",
                "reference": "7a6ff3f1959bb01aefccb463a0f2cd3d3d2fd936",
                "shasum": ""
            },
            "require": {
                "php": ">=7.1"
            },
            "type": "library",
            "extra": {
                "branch-alias": {
                    "dev-main": "1.27-dev"
                },
                "thanks": {
                    "name": "symfony/polyfill",
                    "url": "https://github.com/symfony/polyfill"
                }
            },
            "autoload": {
                "files": [
                    "bootstrap.php"
                ],
                "psr-4": {
                    "Symfony\\Polyfill\\Php80\\": ""
                },
                "classmap": [
                    "Resources/stubs"
                ]
            },
            "notification-url": "https://packagist.org/downloads/",
            "license": [
                "MIT"
            ],
            "authors": [
                {
                    "name": "Ion Bazan",
                    "email": "ion.bazan@gmail.com"
                },
                {
                    "name": "Nicolas Grekas",
                    "email": "p@tchwork.com"
                },
                {
                    "name": "Symfony Community",
                    "homepage": "https://symfony.com/contributors"
                }
            ],
            "description": "Symfony polyfill backporting some PHP 8.0+ features to lower PHP versions",
            "homepage": "https://symfony.com",
            "keywords": [
                "compatibility",
                "polyfill",
                "portable",
                "shim"
            ],
            "support": {
                "source": "https://github.com/symfony/polyfill-php80/tree/v1.27.0"
            },
            "funding": [
                {
                    "url": "https://symfony.com/sponsor",
                    "type": "custom"
                },
                {
                    "url": "https://github.com/fabpot",
                    "type": "github"
                },
                {
                    "url": "https://tidelift.com/funding/github/packagist/symfony/symfony",
                    "type": "tidelift"
                }
            ],
            "time": "2022-11-03T14:55:06+00:00"
        },
        {
            "name": "symfony/var-dumper",
            "version": "v5.4.14",
            "source": {
                "type": "git",
                "url": "https://github.com/symfony/var-dumper.git",
                "reference": "6894d06145fefebd9a4c7272baa026a1c394a430"
            },
            "dist": {
                "type": "zip",
                "url": "https://api.github.com/repos/symfony/var-dumper/zipball/6894d06145fefebd9a4c7272baa026a1c394a430",
                "reference": "6894d06145fefebd9a4c7272baa026a1c394a430",
                "shasum": ""
            },
            "require": {
                "php": ">=7.2.5",
                "symfony/polyfill-mbstring": "~1.0",
                "symfony/polyfill-php80": "^1.16"
            },
            "conflict": {
                "phpunit/phpunit": "<5.4.3",
                "symfony/console": "<4.4"
            },
            "require-dev": {
                "ext-iconv": "*",
                "symfony/console": "^4.4|^5.0|^6.0",
                "symfony/process": "^4.4|^5.0|^6.0",
                "symfony/uid": "^5.1|^6.0",
                "twig/twig": "^2.13|^3.0.4"
            },
            "suggest": {
                "ext-iconv": "To convert non-UTF-8 strings to UTF-8 (or symfony/polyfill-iconv in case ext-iconv cannot be used).",
                "ext-intl": "To show region name in time zone dump",
                "symfony/console": "To use the ServerDumpCommand and/or the bin/var-dump-server script"
            },
            "bin": [
                "Resources/bin/var-dump-server"
            ],
            "type": "library",
            "autoload": {
                "files": [
                    "Resources/functions/dump.php"
                ],
                "psr-4": {
                    "Symfony\\Component\\VarDumper\\": ""
                },
                "exclude-from-classmap": [
                    "/Tests/"
                ]
            },
            "notification-url": "https://packagist.org/downloads/",
            "license": [
                "MIT"
            ],
            "authors": [
                {
                    "name": "Nicolas Grekas",
                    "email": "p@tchwork.com"
                },
                {
                    "name": "Symfony Community",
                    "homepage": "https://symfony.com/contributors"
                }
            ],
            "description": "Provides mechanisms for walking through any arbitrary PHP variable",
            "homepage": "https://symfony.com",
            "keywords": [
                "debug",
                "dump"
            ],
            "support": {
                "source": "https://github.com/symfony/var-dumper/tree/v5.4.14"
            },
            "funding": [
                {
                    "url": "https://symfony.com/sponsor",
                    "type": "custom"
                },
                {
                    "url": "https://github.com/fabpot",
                    "type": "github"
                },
                {
                    "url": "https://tidelift.com/funding/github/packagist/symfony/symfony",
                    "type": "tidelift"
                }
            ],
            "time": "2022-10-07T08:01:20+00:00"
        }
    ],
    "packages-dev": [],
    "aliases": [],
    "minimum-stability": "stable",
    "stability-flags": [],
    "prefer-stable": false,
    "prefer-lowest": false,
    "platform": [],
    "platform-dev": [],
    "plugin-api-version": "2.3.0"
}
